
Microsoft Visual Studio Solution File, Format Version 11.00
# Visual Studio 2010
Project("{FAE04EC0-301F-11D3-BF4B-00C04F79EFBC}") = "Main Character", "Assembly-CSharp-firstpass.csproj", "{83DE8800-3DE6-1DEC-201A-A64BDE63B140}"
EndProject
Project("{FAE04EC0-301F-11D3-BF4B-00C04F79EFBC}") = "Main Character", "Assembly-CSharp.csproj", "{F7919CE6-843E-474B-234B-6F408DE12811}"
EndProject
Project("{FAE04EC0-301F-11D3-BF4B-00C04F79EFBC}") = "Main Character", "Assembly-CSharp-Editor-firstpass.csproj", "{2F6DA668-380A-888B-6AEB-3023D9C09E5B}"
EndProject
Project("{FAE04EC0-301F-11D3-BF4B-00C04F79EFBC}") = "Main Character", "Assembly-CSharp-Editor.csproj", "{EEF655AE-2953-5691-F659-DAA193E979B5}"
EndProject
Global
	GlobalSection(SolutionConfigurationPlatforms) = preSolution
		Debug|Any CPU = Debug|Any CPU
		Release|Any CPU = Release|Any CPU
	EndGlobalSection
	GlobalSection(ProjectConfigurationPlatforms) = postSolution
		{83DE8800-3DE6-1DEC-201A-A64BDE63B140}.Debug|Any CPU.ActiveCfg = Debug|Any CPU
		{83DE8800-3DE6-1DEC-201A-A64BDE63B140}.Debug|Any CPU.Build.0 = Debug|Any CPU
		{83DE8800-3DE6-1DEC-201A-A64BDE63B140}.Release|Any CPU.ActiveCfg = Release|Any CPU
		{83DE8800-3DE6-1DEC-201A-A64BDE63B140}.Release|Any CPU.Build.0 = Release|Any CPU
		{F7919CE6-843E-474B-234B-6F408DE12811}.Debug|Any CPU.ActiveCfg = Debug|Any CPU
		{F7919CE6-843E-474B-234B-6F408DE12811}.Debug|Any CPU.Build.0 = Debug|Any CPU
		{F7919CE6-843E-474B-234B-6F408DE12811}.Release|Any CPU.ActiveCfg = Release|Any CPU
		{F7919CE6-843E-474B-234B-6F408DE12811}.Release|Any CPU.Build.0 = Release|Any CPU
		{2F6DA668-380A-888B-6AEB-3023D9C09E5B}.Debug|Any CPU.ActiveCfg = Debug|Any CPU
		{2F6DA668-380A-888B-6AEB-3023D9C09E5B}.Debug|Any CPU.Build.0 = Debug|Any CPU
		{2F6DA668-380A-888B-6AEB-3023D9C09E5B}.Release|Any CPU.ActiveCfg = Release|Any CPU
		{2F6DA668-380A-888B-6AEB-3023D9C09E5B}.Release|Any CPU.Build.0 = Release|Any CPU
		{EEF655AE-2953-5691-F659-DAA193E979B5}.Debug|Any CPU.ActiveCfg = Debug|Any CPU
		{EEF655AE-2953-5691-F659-DAA193E979B5}.Debug|Any CPU.Build.0 = Debug|Any CPU
		{EEF655AE-2953-5691-F659-DAA193E979B5}.Release|Any CPU.ActiveCfg = Release|Any CPU
		{EEF655AE-2953-5691-F659-DAA193E979B5}.Release|Any CPU.Build.0 = Release|Any CPU
	EndGlobalSection
	GlobalSection(SolutionProperties) = preSolution
		HideSolutionNode = FALSE
	EndGlobalSection
	GlobalSection(MonoDevelopProperties) = preSolution
		StartupItem = Assembly-CSharp.csproj
	EndGlobalSection
EndGlobal
